
Microsoft Visual Studio Solution File, Format Version 12.00
# Visual Studio Version 16
VisualStudioVersion = 16.0.29806.167
MinimumVisualStudioVersion = 10.0.40219.1
Project("{FAE04EC0-301F-11D3-BF4B-00C04F79EFBC}") = "BookStore-API", "BookStore-API\BookStore-API.csproj", "{F1994B06-55E5-4CCE-B39B-F523121EF3F1}"
EndProject
Global
	GlobalSection(SolutionConfigurationPlatforms) = preSolution
		Debug|Any CPU = Debug|Any CPU
		Release|Any CPU = Release|Any CPU
	EndGlobalSection
	GlobalSection(ProjectConfigurationPlatforms) = postSolution
		{F1994B06-55E5-4CCE-B39B-F523121EF3F1}.Debug|Any CPU.ActiveCfg = Debug|Any CPU
		{F1994B06-55E5-4CCE-B39B-F523121EF3F1}.Debug|Any CPU.Build.0 = Debug|Any CPU
		{F1994B06-55E5-4CCE-B39B-F523121EF3F1}.Release|Any CPU.ActiveCfg = Release|Any CPU
		{F1994B06-55E5-4CCE-B39B-F523121EF3F1}.Release|Any CPU.Build.0 = Release|Any CPU
	EndGlobalSection
	GlobalSection(SolutionProperties) = preSolution
		HideSolutionNode = FALSE
	EndGlobalSection
	GlobalSection(ExtensibilityGlobals) = postSolution
		SolutionGuid = {DB3ACE8A-E7F5-46AA-9A22-9E8652404233}
	EndGlobalSection
EndGlobal
